
Microsoft Visual Studio Solution File, Format Version 12.00
# Visual Studio 15
VisualStudioVersion = 15.0.28307.271
MinimumVisualStudioVersion = 10.0.40219.1
Project("{FAE04EC0-301F-11D3-BF4B-00C04F79EFBC}") = "cotacao", "cotacao\cotacao.csproj", "{815610F8-2771-43F4-8ED8-A8D1623E463E}"
EndProject
Global
	GlobalSection(SolutionConfigurationPlatforms) = preSolution
		Debug|Any CPU = Debug|Any CPU
		Release|Any CPU = Release|Any CPU
	EndGlobalSection
	GlobalSection(ProjectConfigurationPlatforms) = postSolution
		{815610F8-2771-43F4-8ED8-A8D1623E463E}.Debug|Any CPU.ActiveCfg = Debug|Any CPU
		{815610F8-2771-43F4-8ED8-A8D1623E463E}.Debug|Any CPU.Build.0 = Debug|Any CPU
		{815610F8-2771-43F4-8ED8-A8D1623E463E}.Release|Any CPU.ActiveCfg = Release|Any CPU
		{815610F8-2771-43F4-8ED8-A8D1623E463E}.Release|Any CPU.Build.0 = Release|Any CPU
	EndGlobalSection
	GlobalSection(SolutionProperties) = preSolution
		HideSolutionNode = FALSE
	EndGlobalSection
	GlobalSection(ExtensibilityGlobals) = postSolution
		SolutionGuid = {108233A9-1E4C-42FF-9DCB-25E737584B0F}
	EndGlobalSection
EndGlobal
